dependencies:
  espressif/esp_codec_dev:
    component_hash: 4779f31a3ba3f9b38aee1afe6ccb9ba8f6108dc3a6e77d39d7d714e9a215371b
    dependencies:
    - name: idf
      require: private
      version: '>=4.0'
    source:
      registry_url: https://components.espressif.com/
      type: service
    version: 1.6.2
  idf:
    source:
      type: idf
    version: 6.0.1
direct_dependencies:
- espressif/esp_codec_dev
- idf
manifest_hash: 703d9311ec3e44a42ddba620e7c5bc3f14f7bd3262723f3a0b0228a52d2a050e
target: esp32p4
version: 3.0.0
